<?xml version="1.0" encoding="utf-8"?>
<Project ToolsVersion="4.0" xmlns="http://schemas.microsoft.com/developer/msbuild/2003">
  <ItemGroup>
    <Filter Include="Classes">
      <UniqueIdentifier>{93995380-89BD-4b04-88EB-625FBE52EBFB}</UniqueIdentifier>
      <Extensions>h;hh;hpp;hxx;hm;inl;inc;xsd</Extensions>
    </Filter>
    <Filter Include="Recources">
      <UniqueIdentifier>{da3e3fd2-af2e-4bff-847d-a0d6c407a2c2}</UniqueIdentifier>
    </Filter>
    <Filter Include="Classes\Extern">
      <UniqueIdentifier>{993dfa88-7c09-444e-a7a6-c4fe1c25898a}</UniqueIdentifier>
    </Filter>
    <Filter Include="Classes\Extern\ServerFrame">
      <UniqueIdentifier>{ff23906b-2e0c-4070-84e8-cc9e5e876216}</UniqueIdentifier>
    </Filter>
    <Filter Include="Classes\Extern\Tool">
      <UniqueIdentifier>{f9d68ee7-a6eb-45c4-97c7-bf7b17844de1}</UniqueIdentifier>
    </Filter>
    <Filter Include="Classes\Extern\Tool\XML">
      <UniqueIdentifier>{38a24586-ef68-45f1-b134-07590c60c973}</UniqueIdentifier>
    </Filter>
    <Filter Include="Classes\Extern\Tool\Common">
      <UniqueIdentifier>{bbe2b2f1-1f0a-4986-be27-1040c3de7928}</UniqueIdentifier>
    </Filter>
    <Filter Include="Classes\Extern\Tool\DataManager">
      <UniqueIdentifier>{b4fdb66f-98fb-4369-9286-b0264f5eea07}</UniqueIdentifier>
    </Filter>
    <Filter Include="Classes\Extern\Tool\LocalDefault">
      <UniqueIdentifier>{1265034f-4245-4c96-b475-ed2b4810fd2a}</UniqueIdentifier>
    </Filter>
    <Filter Include="Classes\Extern\Tool\Lua">
      <UniqueIdentifier>{63647d15-2ffd-48a5-baaa-b8bd0cb7f6b2}</UniqueIdentifier>
    </Filter>
    <Filter Include="Classes\Extern\Tool\Lua\luajit">
      <UniqueIdentifier>{3c80e850-946d-4020-8f14-a98efbda2bfa}</UniqueIdentifier>
    </Filter>
    <Filter Include="Classes\Extern\Tool\MD5">
      <UniqueIdentifier>{62a3e760-7169-4d7d-a81c-e5ff1b65c6a4}</UniqueIdentifier>
    </Filter>
    <Filter Include="Classes\Extern\Tool\MyJson">
      <UniqueIdentifier>{c13e1fb8-5bdd-495a-a3c3-a5acad827d24}</UniqueIdentifier>
    </Filter>
    <Filter Include="Classes\Extern\Tool\MyJson\json">
      <UniqueIdentifier>{db6846f3-8820-4c36-a0ee-117d70ff5aa4}</UniqueIdentifier>
    </Filter>
    <Filter Include="Classes\Extern\Tool\Pthread">
      <UniqueIdentifier>{16a549c4-7312-4256-8b96-894ee6775052}</UniqueIdentifier>
    </Filter>
    <Filter Include="Classes\Extern\Tool\StringFormat">
      <UniqueIdentifier>{2a673960-7613-49b4-a426-376659e92e85}</UniqueIdentifier>
    </Filter>
    <Filter Include="Classes\Extern\Tool\Tea">
      <UniqueIdentifier>{2bbb1c08-b3c7-48e6-869a-98715fcbb58b}</UniqueIdentifier>
    </Filter>
    <Filter Include="Classes\Extern\Tool\Utils">
      <UniqueIdentifier>{546c54ec-edd2-42cd-9dd9-84ce2e81a998}</UniqueIdentifier>
    </Filter>
    <Filter Include="Classes\Extern\Tool\UTFGBK">
      <UniqueIdentifier>{1e9e8d91-3444-408e-965c-4d54fa1c9c3c}</UniqueIdentifier>
    </Filter>
    <Filter Include="Classes\Extern\Tool\CsvLoader">
      <UniqueIdentifier>{624ac5aa-dd72-4e29-8e22-6692345b2f83}</UniqueIdentifier>
    </Filter>
    <Filter Include="Classes\Extern\Tool\Log">
      <UniqueIdentifier>{fb4f594c-89fc-42c5-972a-ab9e2cb7f092}</UniqueIdentifier>
    </Filter>
    <Filter Include="Classes\Extern\ServerFrame\Commnication">
      <UniqueIdentifier>{a5b692e9-22e6-4cf2-a4e5-45d5b8d5a77d}</UniqueIdentifier>
    </Filter>
    <Filter Include="Classes\Extern\ServerFrame\Helper">
      <UniqueIdentifier>{8b625b22-2b14-4e41-93e5-eaac5b06466e}</UniqueIdentifier>
    </Filter>
    <Filter Include="Classes\Extern\Protocol">
      <UniqueIdentifier>{7490382f-5255-4e79-b2da-7e9e774db5aa}</UniqueIdentifier>
    </Filter>
  </ItemGroup>
  <ItemGroup>
    <ClInclude Include="Classes\EventConnect.h">
      <Filter>Classes</Filter>
    </ClInclude>
    <ClInclude Include="Classes\EventInterface.h">
      <Filter>Classes</Filter>
    </ClInclude>
    <ClInclude Include="Classes\ModuleClient.h">
      <Filter>Classes</Filter>
    </ClInclude>
    <ClInclude Include="Classes\ModuleConnect.h">
      <Filter>Classes</Filter>
    </ClInclude>
    <ClInclude Include="Classes\SessionClient.h">
      <Filter>Classes</Filter>
    </ClInclude>
    <ClInclude Include="Classes\SessionConnect.h">
      <Filter>Classes</Filter>
    </ClInclude>
    <ClInclude Include="Classes\SessionHelper.h">
      <Filter>Classes</Filter>
    </ClInclude>
    <ClInclude Include="Classes\SessionListener.h">
      <Filter>Classes</Filter>
    </ClInclude>
    <ClInclude Include="Classes\SessionServer.h">
      <Filter>Classes</Filter>
    </ClInclude>
    <ClInclude Include="..\Extern\ServerFrame\commnication\BufferList.h">
      <Filter>Classes\Extern\ServerFrame\Commnication</Filter>
    </ClInclude>
    <ClInclude Include="..\Extern\ServerFrame\commnication\CommInterfaces.h">
      <Filter>Classes\Extern\ServerFrame\Commnication</Filter>
    </ClInclude>
    <ClInclude Include="..\Extern\ServerFrame\commnication\Core.h">
      <Filter>Classes\Extern\ServerFrame\Commnication</Filter>
    </ClInclude>
    <ClInclude Include="..\Extern\ServerFrame\commnication\Epoller.h">
      <Filter>Classes\Extern\ServerFrame\Commnication</Filter>
    </ClInclude>
    <ClInclude Include="..\Extern\ServerFrame\commnication\Object.h">
      <Filter>Classes\Extern\ServerFrame\Commnication</Filter>
    </ClInclude>
    <ClInclude Include="..\Extern\ServerFrame\commnication\SelectPoller.h">
      <Filter>Classes\Extern\ServerFrame\Commnication</Filter>
    </ClInclude>
    <ClInclude Include="..\Extern\ServerFrame\commnication\Sock.h">
      <Filter>Classes\Extern\ServerFrame\Commnication</Filter>
    </ClInclude>
    <ClInclude Include="..\Extern\ServerFrame\commnication\TCPClienter.h">
      <Filter>Classes\Extern\ServerFrame\Commnication</Filter>
    </ClInclude>
    <ClInclude Include="..\Extern\ServerFrame\commnication\TCPConnect.h">
      <Filter>Classes\Extern\ServerFrame\Commnication</Filter>
    </ClInclude>
    <ClInclude Include="..\Extern\ServerFrame\commnication\TCPListener.h">
      <Filter>Classes\Extern\ServerFrame\Commnication</Filter>
    </ClInclude>
    <ClInclude Include="..\Extern\ServerFrame\commnication\TCPUnit.h">
      <Filter>Classes\Extern\ServerFrame\Commnication</Filter>
    </ClInclude>
    <ClInclude Include="..\Extern\ServerFrame\commnication\UDPUnit.h">
      <Filter>Classes\Extern\ServerFrame\Commnication</Filter>
    </ClInclude>
    <ClInclude Include="..\Extern\ServerFrame\helper\BaseModule.h">
      <Filter>Classes\Extern\ServerFrame\Helper</Filter>
    </ClInclude>
    <ClInclude Include="..\Extern\ServerFrame\helper\BaseServer.h">
      <Filter>Classes\Extern\ServerFrame\Helper</Filter>
    </ClInclude>
    <ClInclude Include="..\Extern\ServerFrame\helper\BufferData.h">
      <Filter>Classes\Extern\ServerFrame\Helper</Filter>
    </ClInclude>
    <ClInclude Include="..\Extern\ServerFrame\helper\Head.h">
      <Filter>Classes\Extern\ServerFrame\Helper</Filter>
    </ClInclude>
    <ClInclude Include="..\Extern\ServerFrame\helper\TimerCallback.h">
      <Filter>Classes\Extern\ServerFrame\Helper</Filter>
    </ClInclude>
    <ClInclude Include="..\Extern\ServerFrame\helper\TimerManager.h">
      <Filter>Classes\Extern\ServerFrame\Helper</Filter>
    </ClInclude>
    <ClInclude Include="..\Extern\ServerFrame\helper\TimeVal.h">
      <Filter>Classes\Extern\ServerFrame\Helper</Filter>
    </ClInclude>
    <ClInclude Include="..\Extern\ServerFrame\helper\ServerConfig.h">
      <Filter>Classes\Extern\ServerFrame\Helper</Filter>
    </ClInclude>
    <ClInclude Include="..\Extern\Tool\CommonHead.h">
      <Filter>Classes\Extern\Tool</Filter>
    </ClInclude>
    <ClInclude Include="..\Extern\Tool\Common\Data_.h">
      <Filter>Classes\Extern\Tool\Common</Filter>
    </ClInclude>
    <ClInclude Include="..\Extern\Tool\Common\Value_.h">
      <Filter>Classes\Extern\Tool\Common</Filter>
    </ClInclude>
    <ClInclude Include="..\Extern\Tool\DataManager\CSVParser.h">
      <Filter>Classes\Extern\Tool\DataManager</Filter>
    </ClInclude>
    <ClInclude Include="..\Extern\Tool\DataManager\DataManager.h">
      <Filter>Classes\Extern\Tool\DataManager</Filter>
    </ClInclude>
    <ClInclude Include="..\Extern\Tool\DataManager\DataTable.h">
      <Filter>Classes\Extern\Tool\DataManager</Filter>
    </ClInclude>
    <ClInclude Include="..\Extern\Tool\LocalDefault\base64_.h">
      <Filter>Classes\Extern\Tool\LocalDefault</Filter>
    </ClInclude>
    <ClInclude Include="..\Extern\Tool\LocalDefault\LocalDefault.h">
      <Filter>Classes\Extern\Tool\LocalDefault</Filter>
    </ClInclude>
    <ClInclude Include="..\Extern\Tool\Lua\LuaRegiest.h">
      <Filter>Classes\Extern\Tool\Lua</Filter>
    </ClInclude>
    <ClInclude Include="..\Extern\Tool\Lua\LuaStack_.h">
      <Filter>Classes\Extern\Tool\Lua</Filter>
    </ClInclude>
    <ClInclude Include="..\Extern\Tool\Lua\LuaTools.h">
      <Filter>Classes\Extern\Tool\Lua</Filter>
    </ClInclude>
    <ClInclude Include="..\Extern\Tool\Lua\luajit\lauxlib.h">
      <Filter>Classes\Extern\Tool\Lua\luajit</Filter>
    </ClInclude>
    <ClInclude Include="..\Extern\Tool\Lua\luajit\lua.h">
      <Filter>Classes\Extern\Tool\Lua\luajit</Filter>
    </ClInclude>
    <ClInclude Include="..\Extern\Tool\Lua\luajit\luaconf.h">
      <Filter>Classes\Extern\Tool\Lua\luajit</Filter>
    </ClInclude>
    <ClInclude Include="..\Extern\Tool\Lua\luajit\lualib.h">
      <Filter>Classes\Extern\Tool\Lua\luajit</Filter>
    </ClInclude>
    <ClInclude Include="..\Extern\Tool\MD5\MD5.h">
      <Filter>Classes\Extern\Tool\MD5</Filter>
    </ClInclude>
    <ClInclude Include="..\Extern\Tool\MD5\MD5Def.h">
      <Filter>Classes\Extern\Tool\MD5</Filter>
    </ClInclude>
    <ClInclude Include="..\Extern\Tool\MyJson\MyJson.h">
      <Filter>Classes\Extern\Tool\MyJson</Filter>
    </ClInclude>
    <ClInclude Include="..\Extern\Tool\MyJson\json\autolink.h">
      <Filter>Classes\Extern\Tool\MyJson\json</Filter>
    </ClInclude>
    <ClInclude Include="..\Extern\Tool\MyJson\json\config.h">
      <Filter>Classes\Extern\Tool\MyJson\json</Filter>
    </ClInclude>
    <ClInclude Include="..\Extern\Tool\MyJson\json\features.h">
      <Filter>Classes\Extern\Tool\MyJson\json</Filter>
    </ClInclude>
    <ClInclude Include="..\Extern\Tool\MyJson\json\forwards.h">
      <Filter>Classes\Extern\Tool\MyJson\json</Filter>
    </ClInclude>
    <ClInclude Include="..\Extern\Tool\MyJson\json\json.h">
      <Filter>Classes\Extern\Tool\MyJson\json</Filter>
    </ClInclude>
    <ClInclude Include="..\Extern\Tool\MyJson\json\json_batchallocator.h">
      <Filter>Classes\Extern\Tool\MyJson\json</Filter>
    </ClInclude>
    <ClInclude Include="..\Extern\Tool\MyJson\json\reader.h">
      <Filter>Classes\Extern\Tool\MyJson\json</Filter>
    </ClInclude>
    <ClInclude Include="..\Extern\Tool\MyJson\json\value.h">
      <Filter>Classes\Extern\Tool\MyJson\json</Filter>
    </ClInclude>
    <ClInclude Include="..\Extern\Tool\MyJson\json\writer.h">
      <Filter>Classes\Extern\Tool\MyJson\json</Filter>
    </ClInclude>
    <ClInclude Include="..\Extern\Tool\Pthread\pthread.h">
      <Filter>Classes\Extern\Tool\Pthread</Filter>
    </ClInclude>
    <ClInclude Include="..\Extern\Tool\Pthread\sched.h">
      <Filter>Classes\Extern\Tool\Pthread</Filter>
    </ClInclude>
    <ClInclude Include="..\Extern\Tool\StringFormat\StringFormat.h">
      <Filter>Classes\Extern\Tool\StringFormat</Filter>
    </ClInclude>
    <ClInclude Include="..\Extern\Tool\Tea\TEACrypt.h">
      <Filter>Classes\Extern\Tool\Tea</Filter>
    </ClInclude>
    <ClInclude Include="..\Extern\Tool\Utils\UrlEncode.h">
      <Filter>Classes\Extern\Tool\Utils</Filter>
    </ClInclude>
    <ClInclude Include="..\Extern\Tool\Utils\ValueCrypt.h">
      <Filter>Classes\Extern\Tool\Utils</Filter>
    </ClInclude>
    <ClInclude Include="..\Extern\Tool\UTFGBK\iconv.h">
      <Filter>Classes\Extern\Tool\UTFGBK</Filter>
    </ClInclude>
    <ClInclude Include="..\Extern\Tool\UTFGBK\UtfGbk.h">
      <Filter>Classes\Extern\Tool\UTFGBK</Filter>
    </ClInclude>
    <ClInclude Include="..\Extern\Tool\CsvLoader\CsvLoader.h">
      <Filter>Classes\Extern\Tool\CsvLoader</Filter>
    </ClInclude>
    <ClInclude Include="..\Extern\Tool\Log\ILogHandler.h">
      <Filter>Classes\Extern\Tool\Log</Filter>
    </ClInclude>
    <ClInclude Include="..\Extern\Tool\Log\LogConsoleHandler.h">
      <Filter>Classes\Extern\Tool\Log</Filter>
    </ClInclude>
    <ClInclude Include="..\Extern\Tool\Log\LogFileHandler.h">
      <Filter>Classes\Extern\Tool\Log</Filter>
    </ClInclude>
    <ClInclude Include="..\Extern\Tool\Log\LogManager.h">
      <Filter>Classes\Extern\Tool\Log</Filter>
    </ClInclude>
    <ClInclude Include="..\Extern\Tool\XML\Markup.h">
      <Filter>Classes\Extern\Tool\XML</Filter>
    </ClInclude>
    <ClInclude Include="..\Extern\Protocol\LoginProtocol.h">
      <Filter>Classes\Extern\Protocol</Filter>
    </ClInclude>
    <ClInclude Include="..\Extern\Protocol\ServerProtocol.h">
      <Filter>Classes\Extern\Protocol</Filter>
    </ClInclude>
    <ClInclude Include="Classes\NetManager.h">
      <Filter>Classes</Filter>
    </ClInclude>
  </ItemGroup>
  <ItemGroup>
    <ClCompile Include="Classes\EventConnect.cpp">
      <Filter>Classes</Filter>
    </ClCompile>
    <ClCompile Include="Classes\ModuleClient.cpp">
      <Filter>Classes</Filter>
    </ClCompile>
    <ClCompile Include="Classes\ModuleConnect.cpp">
      <Filter>Classes</Filter>
    </ClCompile>
    <ClCompile Include="Classes\SessionClient.cpp">
      <Filter>Classes</Filter>
    </ClCompile>
    <ClCompile Include="Classes\SessionConnect.cpp">
      <Filter>Classes</Filter>
    </ClCompile>
    <ClCompile Include="Classes\SessionHelper.cpp">
      <Filter>Classes</Filter>
    </ClCompile>
    <ClCompile Include="Classes\SessionListener.cpp">
      <Filter>Classes</Filter>
    </ClCompile>
    <ClCompile Include="Classes\SessionServer.cpp">
      <Filter>Classes</Filter>
    </ClCompile>
    <ClCompile Include="..\Extern\ServerFrame\commnication\BufferList.cpp">
      <Filter>Classes\Extern\ServerFrame\Commnication</Filter>
    </ClCompile>
    <ClCompile Include="..\Extern\ServerFrame\commnication\Epoller.cpp">
      <Filter>Classes\Extern\ServerFrame\Commnication</Filter>
    </ClCompile>
    <ClCompile Include="..\Extern\ServerFrame\commnication\Object.cpp">
      <Filter>Classes\Extern\ServerFrame\Commnication</Filter>
    </ClCompile>
    <ClCompile Include="..\Extern\ServerFrame\commnication\SelectPoller.cpp">
      <Filter>Classes\Extern\ServerFrame\Commnication</Filter>
    </ClCompile>
    <ClCompile Include="..\Extern\ServerFrame\commnication\Sock.cpp">
      <Filter>Classes\Extern\ServerFrame\Commnication</Filter>
    </ClCompile>
    <ClCompile Include="..\Extern\ServerFrame\commnication\TCPClienter.cpp">
      <Filter>Classes\Extern\ServerFrame\Commnication</Filter>
    </ClCompile>
    <ClCompile Include="..\Extern\ServerFrame\commnication\TCPConnect.cpp">
      <Filter>Classes\Extern\ServerFrame\Commnication</Filter>
    </ClCompile>
    <ClCompile Include="..\Extern\ServerFrame\commnication\TCPListener.cpp">
      <Filter>Classes\Extern\ServerFrame\Commnication</Filter>
    </ClCompile>
    <ClCompile Include="..\Extern\ServerFrame\commnication\TCPUnit.cpp">
      <Filter>Classes\Extern\ServerFrame\Commnication</Filter>
    </ClCompile>
    <ClCompile Include="..\Extern\ServerFrame\commnication\UDPUnit.cpp">
      <Filter>Classes\Extern\ServerFrame\Commnication</Filter>
    </ClCompile>
    <ClCompile Include="..\Extern\ServerFrame\helper\BaseServer.cpp">
      <Filter>Classes\Extern\ServerFrame\Helper</Filter>
    </ClCompile>
    <ClCompile Include="..\Extern\ServerFrame\helper\BufferData.cpp">
      <Filter>Classes\Extern\ServerFrame\Helper</Filter>
    </ClCompile>
    <ClCompile Include="..\Extern\ServerFrame\helper\TimerManager.cpp">
      <Filter>Classes\Extern\ServerFrame\Helper</Filter>
    </ClCompile>
    <ClCompile Include="..\Extern\ServerFrame\helper\ServerConfig.cpp">
      <Filter>Classes\Extern\ServerFrame\Helper</Filter>
    </ClCompile>
    <ClCompile Include="..\Extern\Tool\Common\Data_.cpp">
      <Filter>Classes\Extern\Tool\Common</Filter>
    </ClCompile>
    <ClCompile Include="..\Extern\Tool\Common\Value_.cpp">
      <Filter>Classes\Extern\Tool\Common</Filter>
    </ClCompile>
    <ClCompile Include="..\Extern\Tool\DataManager\DataManager.cpp">
      <Filter>Classes\Extern\Tool\DataManager</Filter>
    </ClCompile>
    <ClCompile Include="..\Extern\Tool\DataManager\DataTable.cpp">
      <Filter>Classes\Extern\Tool\DataManager</Filter>
    </ClCompile>
    <ClCompile Include="..\Extern\Tool\LocalDefault\base64_.cpp">
      <Filter>Classes\Extern\Tool\LocalDefault</Filter>
    </ClCompile>
    <ClCompile Include="..\Extern\Tool\LocalDefault\LocalDefault.cpp">
      <Filter>Classes\Extern\Tool\LocalDefault</Filter>
    </ClCompile>
    <ClCompile Include="..\Extern\Tool\Lua\LuaRegiest.cpp">
      <Filter>Classes\Extern\Tool\Lua</Filter>
    </ClCompile>
    <ClCompile Include="..\Extern\Tool\Lua\LuaStack_.cpp">
      <Filter>Classes\Extern\Tool\Lua</Filter>
    </ClCompile>
    <ClCompile Include="..\Extern\Tool\Lua\LuaTools.cpp">
      <Filter>Classes\Extern\Tool\Lua</Filter>
    </ClCompile>
    <ClCompile Include="..\Extern\Tool\MD5\MD5.cpp">
      <Filter>Classes\Extern\Tool\MD5</Filter>
    </ClCompile>
    <ClCompile Include="..\Extern\Tool\MyJson\MyJson.cpp">
      <Filter>Classes\Extern\Tool\MyJson</Filter>
    </ClCompile>
    <ClCompile Include="..\Extern\Tool\MyJson\json\json_reader.cpp">
      <Filter>Classes\Extern\Tool\MyJson\json</Filter>
    </ClCompile>
    <ClCompile Include="..\Extern\Tool\MyJson\json\json_value.cpp">
      <Filter>Classes\Extern\Tool\MyJson\json</Filter>
    </ClCompile>
    <ClCompile Include="..\Extern\Tool\MyJson\json\json_writer.cpp">
      <Filter>Classes\Extern\Tool\MyJson\json</Filter>
    </ClCompile>
    <ClCompile Include="..\Extern\Tool\StringFormat\StringFormat.cpp">
      <Filter>Classes\Extern\Tool\StringFormat</Filter>
    </ClCompile>
    <ClCompile Include="..\Extern\Tool\Tea\TEACrypt.cpp">
      <Filter>Classes\Extern\Tool\Tea</Filter>
    </ClCompile>
    <ClCompile Include="..\Extern\Tool\Utils\UrlEncode.cpp">
      <Filter>Classes\Extern\Tool\Utils</Filter>
    </ClCompile>
    <ClCompile Include="..\Extern\Tool\Utils\ValueCrypt.cpp">
      <Filter>Classes\Extern\Tool\Utils</Filter>
    </ClCompile>
    <ClCompile Include="..\Extern\Tool\UTFGBK\UtfGbk.cpp">
      <Filter>Classes\Extern\Tool\UTFGBK</Filter>
    </ClCompile>
    <ClCompile Include="..\Extern\Tool\CsvLoader\CsvLoader.cpp">
      <Filter>Classes\Extern\Tool\CsvLoader</Filter>
    </ClCompile>
    <ClCompile Include="..\Extern\Tool\Log\LogConsoleHandler.cpp">
      <Filter>Classes\Extern\Tool\Log</Filter>
    </ClCompile>
    <ClCompile Include="..\Extern\Tool\Log\LogFileHandler.cpp">
      <Filter>Classes\Extern\Tool\Log</Filter>
    </ClCompile>
    <ClCompile Include="..\Extern\Tool\Log\LogManager.cpp">
      <Filter>Classes\Extern\Tool\Log</Filter>
    </ClCompile>
    <ClCompile Include="..\Extern\Tool\XML\Markup.cpp">
      <Filter>Classes\Extern\Tool\XML</Filter>
    </ClCompile>
    <ClCompile Include="Classes\main.cpp">
      <Filter>Classes</Filter>
    </ClCompile>
    <ClCompile Include="Classes\NetManager.cpp">
      <Filter>Classes</Filter>
    </ClCompile>
  </ItemGroup>
  <ItemGroup>
    <None Include="..\Extern\Tool\MyJson\json\json_internalarray.inl">
      <Filter>Classes\Extern\Tool\MyJson\json</Filter>
    </None>
    <None Include="..\Extern\Tool\MyJson\json\json_internalmap.inl">
      <Filter>Classes\Extern\Tool\MyJson\json</Filter>
    </None>
    <None Include="..\Extern\Tool\MyJson\json\json_valueiterator.inl">
      <Filter>Classes\Extern\Tool\MyJson\json</Filter>
    </None>
    <None Include="..\Extern\Tool\MyJson\json\sconscript">
      <Filter>Classes\Extern\Tool\MyJson\json</Filter>
    </None>
  </ItemGroup>
</Project>